
Microsoft Visual Studio Solution File, Format Version 12.00
# Visual Studio Version 16
VisualStudioVersion = 16.0.30413.136
MinimumVisualStudioVersion = 10.0.40219.1
Project("{FAE04EC0-301F-11D3-BF4B-00C04F79EFBC}") = "ObsidianDiscord", "ObsidianDiscord\ObsidianDiscord.csproj", "{F39B82CB-104A-4507-BD92-5496EF9D0427}"
EndProject
Global
	GlobalSection(SolutionConfigurationPlatforms) = preSolution
		Debug|Any CPU = Debug|Any CPU
		Release|Any CPU = Release|Any CPU
	EndGlobalSection
	GlobalSection(ProjectConfigurationPlatforms) = postSolution
		{F39B82CB-104A-4507-BD92-5496EF9D0427}.Debug|Any CPU.ActiveCfg = Debug|Any CPU
		{F39B82CB-104A-4507-BD92-5496EF9D0427}.Debug|Any CPU.Build.0 = Debug|Any CPU
		{F39B82CB-104A-4507-BD92-5496EF9D0427}.Release|Any CPU.ActiveCfg = Release|Any CPU
		{F39B82CB-104A-4507-BD92-5496EF9D0427}.Release|Any CPU.Build.0 = Release|Any CPU
	EndGlobalSection
	GlobalSection(SolutionProperties) = preSolution
		HideSolutionNode = FALSE
	EndGlobalSection
	GlobalSection(ExtensibilityGlobals) = postSolution
		SolutionGuid = {89057805-E913-400E-97B3-A4AF0E5DD55B}
	EndGlobalSection
EndGlobal
